{
  "name": "norton-kickoff-event",
  "version": "1.0.0",
  "lockfileVersion": 3,
  "requires": true,
  "packages": {
    "": {
      "name": "norton-kickoff-event",
      "version": "1.0.0",
      "license": "UNLICENSED",
      "dependencies": {
        "@upstash/redis": "1.34.4",
        "dotenv": "16.4.7"
      },
      "engines": {
        "node": ">=18.0.0"
      }
    },
    "node_modules/@upstash/redis": {
      "version": "1.34.4",
      "resolved": "https://registry.npmjs.org/@upstash/redis/-/redis-1.34.4.tgz",
      "integrity": "sha512-AZx2iD5s1Pu/KCrRA7KVCffu3NSoaYnNY7N9YI7aLAYhcJfsriQKTe+8OxQWJqGqFbrvm17Lyr9HFnDLvqNpfA==",
      "license": "MIT",
      "dependencies": {
        "crypto-js": "^4.2.0"
      }
    },
    "node_modules/crypto-js": {
      "version": "4.2.0",
      "resolved": "https://registry.npmjs.org/crypto-js/-/crypto-js-4.2.0.tgz",
      "integrity": "sha512-KALDyEYgpY+Rlob/iriUtjV6d5Eq+Y191A5g4UqLAi8CyGP9N1+FdVbkc1SxKc2r4YAYqG8JzO2KGL+AizD70Q==",
      "deprecated": "Active development of CryptoJS has been discontinued. This library is no longer maintained.",
      "license": "MIT"
    },
    "node_modules/dotenv": {
      "version": "16.4.7",
      "resolved": "https://registry.npmjs.org/dotenv/-/dotenv-16.4.7.tgz",
      "integrity": "sha512-47qPchRCykZC03FhkYAhrvwU4xDBFIj1QPqaarj6mdM/hgUzfPHcpkHJOn3mJAufFeeAxAzeGsr5X0M4k6fLZQ==",
      "license": "BSD-2-Clause",
      "engines": {
        "node": ">=12"
      },
      "funding": {
        "url": "https://dotenvx.com"
      }
    }
  }
}
